
Microsoft Visual Studio Solution File, Format Version 12.00
# Visual Studio 15
VisualStudioVersion = 15.0.27703.2035
MinimumVisualStudioVersion = 10.0.40219.1
Project("{FAE04EC0-301F-11D3-BF4B-00C04F79EFBC}") = "dongle", "dongle.csproj", "{043CCBB9-48FC-45EF-9190-CFD77D645B30}"
EndProject
Global
	GlobalSection(SolutionConfigurationPlatforms) = preSolution
		Debug|Any CPU = Debug|Any CPU
		Release|Any CPU = Release|Any CPU
	EndGlobalSection
	GlobalSection(ProjectConfigurationPlatforms) = postSolution
		{043CCBB9-48FC-45EF-9190-CFD77D645B30}.Debug|Any CPU.ActiveCfg = Debug|Any CPU
		{043CCBB9-48FC-45EF-9190-CFD77D645B30}.Debug|Any CPU.Build.0 = Debug|Any CPU
		{043CCBB9-48FC-45EF-9190-CFD77D645B30}.Release|Any CPU.ActiveCfg = Release|Any CPU
		{043CCBB9-48FC-45EF-9190-CFD77D645B30}.Release|Any CPU.Build.0 = Release|Any CPU
	EndGlobalSection
	GlobalSection(SolutionProperties) = preSolution
		HideSolutionNode = FALSE
	EndGlobalSection
	GlobalSection(ExtensibilityGlobals) = postSolution
		SolutionGuid = {B8B22750-4967-4B86-B1AA-28157B671C09}
	EndGlobalSection
EndGlobal
